
Microsoft Visual Studio Solution File, Format Version 12.00
# Visual Studio Version 17
VisualStudioVersion = 17.0.31903.59
MinimumVisualStudioVersion = 10.0.40219.1
Project("{FAE04EC0-301F-11D3-BF4B-00C04F79EFBC}") = "cedump", "cedump\cedump.csproj", "{6B9002AE-E386-4395-AB7C-190996DB1591}"
EndProject
Project("{9A19103F-16F7-4668-BE54-9A1E7A4F7556}") = "ceimport", "ceimport\ceimport.csproj", "{9FD1F32F-56B0-4AA9-9357-5D7ED94CBBFC}"
EndProject
Project("{FAE04EC0-301F-11D3-BF4B-00C04F79EFBC}") = "cetool", "cetool\cetool.csproj", "{A724B517-4E20-4531-9AB1-4D3C3ED852E4}"
EndProject
Global
	GlobalSection(SolutionConfigurationPlatforms) = preSolution
		Debug|Any CPU = Debug|Any CPU
		Release|Any CPU = Release|Any CPU
	EndGlobalSection
	GlobalSection(ProjectConfigurationPlatforms) = postSolution
		{6B9002AE-E386-4395-AB7C-190996DB1591}.Debug|Any CPU.ActiveCfg = Debug|Any CPU
		{6B9002AE-E386-4395-AB7C-190996DB1591}.Debug|Any CPU.Build.0 = Debug|Any CPU
		{6B9002AE-E386-4395-AB7C-190996DB1591}.Release|Any CPU.ActiveCfg = Release|Any CPU
		{6B9002AE-E386-4395-AB7C-190996DB1591}.Release|Any CPU.Build.0 = Release|Any CPU
		{9FD1F32F-56B0-4AA9-9357-5D7ED94CBBFC}.Debug|Any CPU.ActiveCfg = Debug|Any CPU
		{9FD1F32F-56B0-4AA9-9357-5D7ED94CBBFC}.Debug|Any CPU.Build.0 = Debug|Any CPU
		{9FD1F32F-56B0-4AA9-9357-5D7ED94CBBFC}.Release|Any CPU.ActiveCfg = Release|Any CPU
		{9FD1F32F-56B0-4AA9-9357-5D7ED94CBBFC}.Release|Any CPU.Build.0 = Release|Any CPU
		{A724B517-4E20-4531-9AB1-4D3C3ED852E4}.Debug|Any CPU.ActiveCfg = Debug|Any CPU
		{A724B517-4E20-4531-9AB1-4D3C3ED852E4}.Debug|Any CPU.Build.0 = Debug|Any CPU
		{A724B517-4E20-4531-9AB1-4D3C3ED852E4}.Release|Any CPU.ActiveCfg = Release|Any CPU
		{A724B517-4E20-4531-9AB1-4D3C3ED852E4}.Release|Any CPU.Build.0 = Release|Any CPU
	EndGlobalSection
	GlobalSection(SolutionProperties) = preSolution
		HideSolutionNode = FALSE
	EndGlobalSection
	GlobalSection(ExtensibilityGlobals) = postSolution
		SolutionGuid = {D39C8281-AC1D-4A58-87E1-325A28C9E81E}
	EndGlobalSection
EndGlobal
